
Microsoft Visual Studio Solution File, Format Version 12.00
# Visual Studio Version 17
VisualStudioVersion = 17.9.34622.214
MinimumVisualStudioVersion = 10.0.40219.1
Project("{FAE04EC0-301F-11D3-BF4B-00C04F79EFBC}") = "View", "View\View.csproj", "{2BB35371-9D36-4531-987C-6008811DE875}"
EndProject
Project("{FAE04EC0-301F-11D3-BF4B-00C04F79EFBC}") = "Data", "Data\Data.csproj", "{487E90AB-7921-4B0C-9D8A-95B5A689E282}"
EndProject
Project("{FAE04EC0-301F-11D3-BF4B-00C04F79EFBC}") = "ViewModel", "ViewModel\ViewModel.csproj", "{B7A025EC-FBDA-4B92-9FBA-32A2F7C65FAB}"
EndProject
Project("{FAE04EC0-301F-11D3-BF4B-00C04F79EFBC}") = "Logic", "Logic\Logic.csproj", "{51727830-6284-4FA6-B2FE-8DD75A147C14}"
EndProject
Project("{FAE04EC0-301F-11D3-BF4B-00C04F79EFBC}") = "Model", "Model\Model.csproj", "{6BCAC9DB-B234-4A0F-B66D-F8C43085B2FB}"
EndProject
Global
	GlobalSection(SolutionConfigurationPlatforms) = preSolution
		Debug|Any CPU = Debug|Any CPU
		Release|Any CPU = Release|Any CPU
	EndGlobalSection
	GlobalSection(ProjectConfigurationPlatforms) = postSolution
		{2BB35371-9D36-4531-987C-6008811DE875}.Debug|Any CPU.ActiveCfg = Debug|Any CPU
		{2BB35371-9D36-4531-987C-6008811DE875}.Debug|Any CPU.Build.0 = Debug|Any CPU
		{2BB35371-9D36-4531-987C-6008811DE875}.Release|Any CPU.ActiveCfg = Release|Any CPU
		{2BB35371-9D36-4531-987C-6008811DE875}.Release|Any CPU.Build.0 = Release|Any CPU
		{487E90AB-7921-4B0C-9D8A-95B5A689E282}.Debug|Any CPU.ActiveCfg = Debug|Any CPU
		{487E90AB-7921-4B0C-9D8A-95B5A689E282}.Debug|Any CPU.Build.0 = Debug|Any CPU
		{487E90AB-7921-4B0C-9D8A-95B5A689E282}.Release|Any CPU.ActiveCfg = Release|Any CPU
		{487E90AB-7921-4B0C-9D8A-95B5A689E282}.Release|Any CPU.Build.0 = Release|Any CPU
		{B7A025EC-FBDA-4B92-9FBA-32A2F7C65FAB}.Debug|Any CPU.ActiveCfg = Debug|Any CPU
		{B7A025EC-FBDA-4B92-9FBA-32A2F7C65FAB}.Debug|Any CPU.Build.0 = Debug|Any CPU
		{B7A025EC-FBDA-4B92-9FBA-32A2F7C65FAB}.Release|Any CPU.ActiveCfg = Release|Any CPU
		{B7A025EC-FBDA-4B92-9FBA-32A2F7C65FAB}.Release|Any CPU.Build.0 = Release|Any CPU
		{51727830-6284-4FA6-B2FE-8DD75A147C14}.Debug|Any CPU.ActiveCfg = Debug|Any CPU
		{51727830-6284-4FA6-B2FE-8DD75A147C14}.Debug|Any CPU.Build.0 = Debug|Any CPU
		{51727830-6284-4FA6-B2FE-8DD75A147C14}.Release|Any CPU.ActiveCfg = Release|Any CPU
		{51727830-6284-4FA6-B2FE-8DD75A147C14}.Release|Any CPU.Build.0 = Release|Any CPU
		{6BCAC9DB-B234-4A0F-B66D-F8C43085B2FB}.Debug|Any CPU.ActiveCfg = Debug|Any CPU
		{6BCAC9DB-B234-4A0F-B66D-F8C43085B2FB}.Debug|Any CPU.Build.0 = Debug|Any CPU
		{6BCAC9DB-B234-4A0F-B66D-F8C43085B2FB}.Release|Any CPU.ActiveCfg = Release|Any CPU
		{6BCAC9DB-B234-4A0F-B66D-F8C43085B2FB}.Release|Any CPU.Build.0 = Release|Any CPU
	EndGlobalSection
	GlobalSection(SolutionProperties) = preSolution
		HideSolutionNode = FALSE
	EndGlobalSection
	GlobalSection(ExtensibilityGlobals) = postSolution
		SolutionGuid = {26BD70F8-B89A-45C8-BF65-3E82BABD10DE}
	EndGlobalSection
EndGlobal
