
Microsoft Visual Studio Solution File, Format Version 12.00
# Visual Studio Version 17
VisualStudioVersion = 17.9.34622.214
MinimumVisualStudioVersion = 10.0.40219.1
Project("{FAE04EC0-301F-11D3-BF4B-00C04F79EFBC}") = "ExampleConsoleApp", "ExampleConsoleApp.csproj", "{86FF1813-9602-4E35-92E9-ED52211B4711}"
EndProject
Project("{FAE04EC0-301F-11D3-BF4B-00C04F79EFBC}") = "UnitTest", "..\UnitTest\UnitTest.csproj", "{0C6D01DA-94C3-4CBD-8C95-C7967388986B}"
EndProject
Global
	GlobalSection(SolutionConfigurationPlatforms) = preSolution
		Debug|Any CPU = Debug|Any CPU
		Release|Any CPU = Release|Any CPU
	EndGlobalSection
	GlobalSection(ProjectConfigurationPlatforms) = postSolution
		{86FF1813-9602-4E35-92E9-ED52211B4711}.Debug|Any CPU.ActiveCfg = Debug|Any CPU
		{86FF1813-9602-4E35-92E9-ED52211B4711}.Debug|Any CPU.Build.0 = Debug|Any CPU
		{86FF1813-9602-4E35-92E9-ED52211B4711}.Release|Any CPU.ActiveCfg = Release|Any CPU
		{86FF1813-9602-4E35-92E9-ED52211B4711}.Release|Any CPU.Build.0 = Release|Any CPU
		{0C6D01DA-94C3-4CBD-8C95-C7967388986B}.Debug|Any CPU.ActiveCfg = Debug|Any CPU
		{0C6D01DA-94C3-4CBD-8C95-C7967388986B}.Debug|Any CPU.Build.0 = Debug|Any CPU
		{0C6D01DA-94C3-4CBD-8C95-C7967388986B}.Release|Any CPU.ActiveCfg = Release|Any CPU
		{0C6D01DA-94C3-4CBD-8C95-C7967388986B}.Release|Any CPU.Build.0 = Release|Any CPU
	EndGlobalSection
	GlobalSection(SolutionProperties) = preSolution
		HideSolutionNode = FALSE
	EndGlobalSection
	GlobalSection(ExtensibilityGlobals) = postSolution
		SolutionGuid = {A8BB025E-1711-430A-A02F-1338E8C02369}
	EndGlobalSection
EndGlobal
